
Microsoft Visual Studio Solution File, Format Version 12.00
# Visual Studio Version 17
VisualStudioVersion = 17.11.35327.3
MinimumVisualStudioVersion = 10.0.40219.1
Project("{9A19103F-16F7-4668-BE54-9A1E7A4F7556}") = "Interfaces", "Interfaces.csproj", "{7CC14FCC-21D2-4221-B9B9-0CD3A3E9E73E}"
EndProject
Global
	GlobalSection(SolutionConfigurationPlatforms) = preSolution
		Debug|Any CPU = Debug|Any CPU
		Release|Any CPU = Release|Any CPU
	EndGlobalSection
	GlobalSection(ProjectConfigurationPlatforms) = postSolution
		{7CC14FCC-21D2-4221-B9B9-0CD3A3E9E73E}.Debug|Any CPU.ActiveCfg = Debug|Any CPU
		{7CC14FCC-21D2-4221-B9B9-0CD3A3E9E73E}.Debug|Any CPU.Build.0 = Debug|Any CPU
		{7CC14FCC-21D2-4221-B9B9-0CD3A3E9E73E}.Release|Any CPU.ActiveCfg = Release|Any CPU
		{7CC14FCC-21D2-4221-B9B9-0CD3A3E9E73E}.Release|Any CPU.Build.0 = Release|Any CPU
	EndGlobalSection
	GlobalSection(SolutionProperties) = preSolution
		HideSolutionNode = FALSE
	EndGlobalSection
	GlobalSection(ExtensibilityGlobals) = postSolution
		SolutionGuid = {DCDC05E8-2353-42B9-93CA-DE5B70D4E923}
	EndGlobalSection
EndGlobal
